
Microsoft Visual Studio Solution File, Format Version 12.00
# Visual Studio Version 17
VisualStudioVersion = 17.1.32421.90
MinimumVisualStudioVersion = 10.0.40219.1
Project("{FAE04EC0-301F-11D3-BF4B-00C04F79EFBC}") = "mercuryPollution", "mercury pollution\mercuryPollution.csproj", "{41573EE5-B877-4F9F-A173-B432995E6382}"
EndProject
Project("{54435603-DBB4-11D2-8724-00A0C9A8B90C}") = "SetupMercuryPollution", "SetupMercuryPollution\SetupMercuryPollution.vdproj", "{1093CA71-075C-4304-B529-03FC1098E5A6}"
EndProject
Global
	GlobalSection(SolutionConfigurationPlatforms) = preSolution
		Debug|Any CPU = Debug|Any CPU
		Release|Any CPU = Release|Any CPU
	EndGlobalSection
	GlobalSection(ProjectConfigurationPlatforms) = postSolution
		{41573EE5-B877-4F9F-A173-B432995E6382}.Debug|Any CPU.ActiveCfg = Debug|Any CPU
		{41573EE5-B877-4F9F-A173-B432995E6382}.Debug|Any CPU.Build.0 = Debug|Any CPU
		{41573EE5-B877-4F9F-A173-B432995E6382}.Release|Any CPU.ActiveCfg = Release|Any CPU
		{41573EE5-B877-4F9F-A173-B432995E6382}.Release|Any CPU.Build.0 = Release|Any CPU
		{1093CA71-075C-4304-B529-03FC1098E5A6}.Debug|Any CPU.ActiveCfg = Debug
		{1093CA71-075C-4304-B529-03FC1098E5A6}.Release|Any CPU.ActiveCfg = Release
	EndGlobalSection
	GlobalSection(SolutionProperties) = preSolution
		HideSolutionNode = FALSE
	EndGlobalSection
	GlobalSection(ExtensibilityGlobals) = postSolution
		SolutionGuid = {21D721AD-BA91-4E6E-8D57-D4387B692CC9}
	EndGlobalSection
EndGlobal
